
Microsoft Visual Studio Solution File, Format Version 12.00
# Visual Studio Version 17
VisualStudioVersion = 17.8.34525.116
MinimumVisualStudioVersion = 10.0.40219.1
Project("{FAE04EC0-301F-11D3-BF4B-00C04F79EFBC}") = "UsingRefit", "UsingRefit\UsingRefit.csproj", "{2A122D1E-AE2C-4E8C-A799-3AD23E560499}"
EndProject
Project("{FAE04EC0-301F-11D3-BF4B-00C04F79EFBC}") = "usinguuid", "usinguuid\usinguuid.csproj", "{49D63A03-E60B-4F1B-A3AE-F25F55465977}"
EndProject
Project("{FAE04EC0-301F-11D3-BF4B-00C04F79EFBC}") = "Openai.consoleapp", "Openai.consoleapp\Openai.consoleapp.csproj", "{FFFFA5F8-A978-4E2C-BF19-905C5F212033}"
EndProject
Project("{FAE04EC0-301F-11D3-BF4B-00C04F79EFBC}") = "password-hash", "password-hash\password-hash.csproj", "{78E534C4-CDA5-4558-A8A9-31D82C056DD9}"
EndProject
Global
	GlobalSection(SolutionConfigurationPlatforms) = preSolution
		Debug|Any CPU = Debug|Any CPU
		Release|Any CPU = Release|Any CPU
	EndGlobalSection
	GlobalSection(ProjectConfigurationPlatforms) = postSolution
		{2A122D1E-AE2C-4E8C-A799-3AD23E560499}.Debug|Any CPU.ActiveCfg = Debug|Any CPU
		{2A122D1E-AE2C-4E8C-A799-3AD23E560499}.Debug|Any CPU.Build.0 = Debug|Any CPU
		{2A122D1E-AE2C-4E8C-A799-3AD23E560499}.Release|Any CPU.ActiveCfg = Release|Any CPU
		{2A122D1E-AE2C-4E8C-A799-3AD23E560499}.Release|Any CPU.Build.0 = Release|Any CPU
		{49D63A03-E60B-4F1B-A3AE-F25F55465977}.Debug|Any CPU.ActiveCfg = Debug|Any CPU
		{49D63A03-E60B-4F1B-A3AE-F25F55465977}.Debug|Any CPU.Build.0 = Debug|Any CPU
		{49D63A03-E60B-4F1B-A3AE-F25F55465977}.Release|Any CPU.ActiveCfg = Release|Any CPU
		{49D63A03-E60B-4F1B-A3AE-F25F55465977}.Release|Any CPU.Build.0 = Release|Any CPU
		{FFFFA5F8-A978-4E2C-BF19-905C5F212033}.Debug|Any CPU.ActiveCfg = Debug|Any CPU
		{FFFFA5F8-A978-4E2C-BF19-905C5F212033}.Debug|Any CPU.Build.0 = Debug|Any CPU
		{FFFFA5F8-A978-4E2C-BF19-905C5F212033}.Release|Any CPU.ActiveCfg = Release|Any CPU
		{FFFFA5F8-A978-4E2C-BF19-905C5F212033}.Release|Any CPU.Build.0 = Release|Any CPU
		{78E534C4-CDA5-4558-A8A9-31D82C056DD9}.Debug|Any CPU.ActiveCfg = Debug|Any CPU
		{78E534C4-CDA5-4558-A8A9-31D82C056DD9}.Debug|Any CPU.Build.0 = Debug|Any CPU
		{78E534C4-CDA5-4558-A8A9-31D82C056DD9}.Release|Any CPU.ActiveCfg = Release|Any CPU
		{78E534C4-CDA5-4558-A8A9-31D82C056DD9}.Release|Any CPU.Build.0 = Release|Any CPU
	EndGlobalSection
	GlobalSection(SolutionProperties) = preSolution
		HideSolutionNode = FALSE
	EndGlobalSection
	GlobalSection(ExtensibilityGlobals) = postSolution
		SolutionGuid = {79B30EB4-36CB-43B5-A994-A69D990F97FC}
	EndGlobalSection
EndGlobal
