
Microsoft Visual Studio Solution File, Format Version 12.00
# Visual Studio Version 17
VisualStudioVersion = 17.0.31903.59
MinimumVisualStudioVersion = 10.0.40219.1
Project("{9A19103F-16F7-4668-BE54-9A1E7A4F7556}") = "webapi_1", "webapi_1\webapi_1.csproj", "{77619D97-0E6D-4F19-A419-9BFCB92E8C8D}"
EndProject
Project("{9A19103F-16F7-4668-BE54-9A1E7A4F7556}") = "webapi_2", "webapi_2\webapi_2.csproj", "{A123E886-7B97-4FF3-93A3-257EB6ED97DA}"
EndProject
Project("{9A19103F-16F7-4668-BE54-9A1E7A4F7556}") = "ReverseProxyService", "ReverseProxyService\ReverseProxyService.csproj", "{5E15E528-0B36-48C9-AFCC-6F319133F687}"
EndProject
Project("{2150E333-8FDC-42A3-9474-1A3956D46DE8}") = "src", "src", "{140D21DA-33D4-485C-8975-B8DA8C9A06ED}"
EndProject
Project("{FAE04EC0-301F-11D3-BF4B-00C04F79EFBC}") = "ServiceDiscovery.AppHost", "ServiceDiscovery.AppHost\ServiceDiscovery.AppHost.csproj", "{6E8F191A-D835-4EBD-90AD-01B1C1BE7893}"
EndProject
Project("{FAE04EC0-301F-11D3-BF4B-00C04F79EFBC}") = "ServiceDiscovery.ServiceDefaults", "ServiceDiscovery.ServiceDefaults\ServiceDiscovery.ServiceDefaults.csproj", "{92BED8F0-49E6-480E-BFED-0B3D81EABAE7}"
EndProject
Global
	GlobalSection(SolutionConfigurationPlatforms) = preSolution
		Debug|Any CPU = Debug|Any CPU
		Release|Any CPU = Release|Any CPU
	EndGlobalSection
	GlobalSection(ProjectConfigurationPlatforms) = postSolution
		{77619D97-0E6D-4F19-A419-9BFCB92E8C8D}.Debug|Any CPU.ActiveCfg = Debug|Any CPU
		{77619D97-0E6D-4F19-A419-9BFCB92E8C8D}.Debug|Any CPU.Build.0 = Debug|Any CPU
		{77619D97-0E6D-4F19-A419-9BFCB92E8C8D}.Release|Any CPU.ActiveCfg = Release|Any CPU
		{77619D97-0E6D-4F19-A419-9BFCB92E8C8D}.Release|Any CPU.Build.0 = Release|Any CPU
		{A123E886-7B97-4FF3-93A3-257EB6ED97DA}.Debug|Any CPU.ActiveCfg = Debug|Any CPU
		{A123E886-7B97-4FF3-93A3-257EB6ED97DA}.Debug|Any CPU.Build.0 = Debug|Any CPU
		{A123E886-7B97-4FF3-93A3-257EB6ED97DA}.Release|Any CPU.ActiveCfg = Release|Any CPU
		{A123E886-7B97-4FF3-93A3-257EB6ED97DA}.Release|Any CPU.Build.0 = Release|Any CPU
		{5E15E528-0B36-48C9-AFCC-6F319133F687}.Debug|Any CPU.ActiveCfg = Debug|Any CPU
		{5E15E528-0B36-48C9-AFCC-6F319133F687}.Debug|Any CPU.Build.0 = Debug|Any CPU
		{5E15E528-0B36-48C9-AFCC-6F319133F687}.Release|Any CPU.ActiveCfg = Release|Any CPU
		{5E15E528-0B36-48C9-AFCC-6F319133F687}.Release|Any CPU.Build.0 = Release|Any CPU
		{6E8F191A-D835-4EBD-90AD-01B1C1BE7893}.Debug|Any CPU.ActiveCfg = Debug|Any CPU
		{6E8F191A-D835-4EBD-90AD-01B1C1BE7893}.Debug|Any CPU.Build.0 = Debug|Any CPU
		{6E8F191A-D835-4EBD-90AD-01B1C1BE7893}.Release|Any CPU.ActiveCfg = Release|Any CPU
		{6E8F191A-D835-4EBD-90AD-01B1C1BE7893}.Release|Any CPU.Build.0 = Release|Any CPU
		{92BED8F0-49E6-480E-BFED-0B3D81EABAE7}.Debug|Any CPU.ActiveCfg = Debug|Any CPU
		{92BED8F0-49E6-480E-BFED-0B3D81EABAE7}.Debug|Any CPU.Build.0 = Debug|Any CPU
		{92BED8F0-49E6-480E-BFED-0B3D81EABAE7}.Release|Any CPU.ActiveCfg = Release|Any CPU
		{92BED8F0-49E6-480E-BFED-0B3D81EABAE7}.Release|Any CPU.Build.0 = Release|Any CPU
	EndGlobalSection
	GlobalSection(SolutionProperties) = preSolution
		HideSolutionNode = FALSE
	EndGlobalSection
	GlobalSection(NestedProjects) = preSolution
		{77619D97-0E6D-4F19-A419-9BFCB92E8C8D} = {140D21DA-33D4-485C-8975-B8DA8C9A06ED}
		{A123E886-7B97-4FF3-93A3-257EB6ED97DA} = {140D21DA-33D4-485C-8975-B8DA8C9A06ED}
		{5E15E528-0B36-48C9-AFCC-6F319133F687} = {140D21DA-33D4-485C-8975-B8DA8C9A06ED}
	EndGlobalSection
EndGlobal
