
Microsoft Visual Studio Solution File, Format Version 12.00
# Visual Studio Version 17
VisualStudioVersion = 17.12.35527.113 d17.12
MinimumVisualStudioVersion = 10.0.40219.1
Project("{FAE04EC0-301F-11D3-BF4B-00C04F79EFBC}") = "HybridCacheApi", "HybridCache.Api\HybridCacheApi.csproj", "{3A321C1D-5289-4E8F-8754-3D21052E0CBF}"
EndProject
Global
	GlobalSection(SolutionConfigurationPlatforms) = preSolution
		Debug|Any CPU = Debug|Any CPU
		Release|Any CPU = Release|Any CPU
	EndGlobalSection
	GlobalSection(ProjectConfigurationPlatforms) = postSolution
		{3A321C1D-5289-4E8F-8754-3D21052E0CBF}.Debug|Any CPU.ActiveCfg = Debug|Any CPU
		{3A321C1D-5289-4E8F-8754-3D21052E0CBF}.Debug|Any CPU.Build.0 = Debug|Any CPU
		{3A321C1D-5289-4E8F-8754-3D21052E0CBF}.Release|Any CPU.ActiveCfg = Release|Any CPU
		{3A321C1D-5289-4E8F-8754-3D21052E0CBF}.Release|Any CPU.Build.0 = Release|Any CPU
	EndGlobalSection
	GlobalSection(SolutionProperties) = preSolution
		HideSolutionNode = FALSE
	EndGlobalSection
EndGlobal
