
Microsoft Visual Studio Solution File, Format Version 12.00
# Visual Studio Version 17
VisualStudioVersion = 17.0.31903.59
MinimumVisualStudioVersion = 10.0.40219.1
Project("{FAE04EC0-301F-11D3-BF4B-00C04F79EFBC}") = "cartesionExplosion-api", "cartesionExplosion-api\cartesionExplosion-api.csproj", "{A08585C9-FE2D-4372-8C81-9DCDADBD33E9}"
EndProject
Project("{FAE04EC0-301F-11D3-BF4B-00C04F79EFBC}") = "cartesopmExplosion-benchmark", "cartesopmExplosion-benchmark\cartesopmExplosion-benchmark.csproj", "{412F8DD9-370E-4BB5-AACE-93106BF6888F}"
EndProject
Global
	GlobalSection(SolutionConfigurationPlatforms) = preSolution
		Debug|Any CPU = Debug|Any CPU
		Release|Any CPU = Release|Any CPU
	EndGlobalSection
	GlobalSection(SolutionProperties) = preSolution
		HideSolutionNode = FALSE
	EndGlobalSection
	GlobalSection(ProjectConfigurationPlatforms) = postSolution
		{A08585C9-FE2D-4372-8C81-9DCDADBD33E9}.Debug|Any CPU.ActiveCfg = Debug|Any CPU
		{A08585C9-FE2D-4372-8C81-9DCDADBD33E9}.Debug|Any CPU.Build.0 = Debug|Any CPU
		{A08585C9-FE2D-4372-8C81-9DCDADBD33E9}.Release|Any CPU.ActiveCfg = Release|Any CPU
		{A08585C9-FE2D-4372-8C81-9DCDADBD33E9}.Release|Any CPU.Build.0 = Release|Any CPU
		{412F8DD9-370E-4BB5-AACE-93106BF6888F}.Debug|Any CPU.ActiveCfg = Debug|Any CPU
		{412F8DD9-370E-4BB5-AACE-93106BF6888F}.Debug|Any CPU.Build.0 = Debug|Any CPU
		{412F8DD9-370E-4BB5-AACE-93106BF6888F}.Release|Any CPU.ActiveCfg = Release|Any CPU
		{412F8DD9-370E-4BB5-AACE-93106BF6888F}.Release|Any CPU.Build.0 = Release|Any CPU
	EndGlobalSection
EndGlobal
